// !$*UTF8*$!
{
	archiveVersion = 1;
	classes = {
	};
	objectVersion = 56;
	objects = {

/* Begin PBXBuildFile section */
		5C52B61E2AD5456100DB3DCA /* 튜플.swift in Sources */ = {isa = PBXBuildFile; fileRef = 5C52B61D2AD5456100DB3DCA /* 튜플.swift */; };
		5C7B60C02ADD0F5300CAA5DF /* Ch10.스위프트의 객체지향 프로그래밍 기초.swift in Sources */ = {isa = PBXBuildFile; fileRef = 5C7B60BF2ADD0F5300CAA5DF /* Ch10.스위프트의 객체지향 프로그래밍 기초.swift */; };
		5C7B60C22ADD51BE00CAA5DF /* Ch10.객체지향 예제.swift in Sources */ = {isa = PBXBuildFile; fileRef = 5C7B60C12ADD51BE00CAA5DF /* Ch10.객체지향 예제.swift */; };
		5C7B60C42ADE17E600CAA5DF /* Ch11.서브클래싱과 익스텐션.swift in Sources */ = {isa = PBXBuildFile; fileRef = 5C7B60C32ADE17E600CAA5DF /* Ch11.서브클래싱과 익스텐션.swift */; };
		5C7B60C62ADFB3BF00CAA5DF /* Ch15.에러 핸들링 이해하기.swift in Sources */ = {isa = PBXBuildFile; fileRef = 5C7B60C52ADFB3BF00CAA5DF /* Ch15.에러 핸들링 이해하기.swift */; };
		5CCCF0A82AD919D10091D0F5 /* Ch12.스위프트 구조체와 열거형.swift in Sources */ = {isa = PBXBuildFile; fileRef = 5CCCF0A72AD919D10091D0F5 /* Ch12.스위프트 구조체와 열거형.swift */; };
		5CCCF0AA2AD919EB0091D0F5 /* ch13.프로퍼티 래퍼.swift in Sources */ = {isa = PBXBuildFile; fileRef = 5CCCF0A92AD919EB0091D0F5 /* ch13.프로퍼티 래퍼.swift */; };
		5CCCF0CB2AD9786A0091D0F5 /* Ch05.데이터 타입,상수,변수.swift in Sources */ = {isa = PBXBuildFile; fileRef = 5CCCF0CA2AD9786A0091D0F5 /* Ch05.데이터 타입,상수,변수.swift */; };
		5CCCF0CD2AD9789A0091D0F5 /* Ch09.함수,메서드,클로저.swift in Sources */ = {isa = PBXBuildFile; fileRef = 5CCCF0CC2AD9789A0091D0F5 /* Ch09.함수,메서드,클로저.swift */; };
		5CDB0BED2AE11A60007B8FC2 /* Ch24구조화된 동시성 개요.swift in Sources */ = {isa = PBXBuildFile; fileRef = 5CDB0BEC2AE11A60007B8FC2 /* Ch24구조화된 동시성 개요.swift */; };
		5CEFB91E2ACD7A4600A7D930 /* 반복문.swift in Sources */ = {isa = PBXBuildFile; fileRef = 5CEFB91D2ACD7A4600A7D930 /* 반복문.swift */; };
		5CEFB9202ACD7A5000A7D930 /* 배열.swift in Sources */ = {isa = PBXBuildFile; fileRef = 5CEFB91F2ACD7A5000A7D930 /* 배열.swift */; };
		5CEFB9222ACD7A5B00A7D930 /* 스택.swift in Sources */ = {isa = PBXBuildFile; fileRef = 5CEFB9212ACD7A5B00A7D930 /* 스택.swift */; };
		5CEFB9242ACD7A6600A7D930 /* 조건문과 반복문.swift in Sources */ = {isa = PBXBuildFile; fileRef = 5CEFB9232ACD7A6600A7D930 /* 조건문과 반복문.swift */; };
		5CEFB9262ACD7A7200A7D930 /* 조건문 실습.swift in Sources */ = {isa = PBXBuildFile; fileRef = 5CEFB9252ACD7A7200A7D930 /* 조건문 실습.swift */; };
		5CEFB9282ACD7A7D00A7D930 /* 함수와 클래스.swift in Sources */ = {isa = PBXBuildFile; fileRef = 5CEFB9272ACD7A7D00A7D930 /* 함수와 클래스.swift */; };
		5CEFB92A2ACE4D3400A7D930 /* main.swift in Sources */ = {isa = PBXBuildFile; fileRef = 5CEFB9292ACE4D3400A7D930 /* main.swift */; };
		5CEFB92C2ACE728500A7D930 /* 정렬 알고리즘.swift in Sources */ = {isa = PBXBuildFile; fileRef = 5CEFB92B2ACE728500A7D930 /* 정렬 알고리즘.swift */; };
		5CEFB92E2ACED94B00A7D930 /* 재귀.swift in Sources */ = {isa = PBXBuildFile; fileRef = 5CEFB92D2ACED94B00A7D930 /* 재귀.swift */; };
		5CEFB9302ACFDC2E00A7D930 /* 큐.swift in Sources */ = {isa = PBXBuildFile; fileRef = 5CEFB92F2ACFDC2E00A7D930 /* 큐.swift */; };
/* End PBXBuildFile section */

/* Begin PBXCopyFilesBuildPhase section */
		5CEFB9112ACD7A2200A7D930 /* CopyFiles */ = {
			isa = PBXCopyFilesBuildPhase;
			buildActionMask = 2147483647;
			dstPath = /usr/share/man/man1/;
			dstSubfolderSpec = 0;
			files = (
			);
			runOnlyForDeploymentPostprocessing = 1;
		};
/* End PBXCopyFilesBuildPhase section */

/* Begin PBXFileReference section */
		5C52B61D2AD5456100DB3DCA /* 튜플.swift */ = {isa = PBXFileReference; lastKnownFileType = sourcecode.swift; path = "튜플.swift"; sourceTree = "<group>"; };
		5C7B60BF2ADD0F5300CAA5DF /* Ch10.스위프트의 객체지향 프로그래밍 기초.swift */ = {isa = PBXFileReference; lastKnownFileType = sourcecode.swift; path = "Ch10.스위프트의 객체지향 프로그래밍 기초.swift"; sourceTree = "<group>"; };
		5C7B60C12ADD51BE00CAA5DF /* Ch10.객체지향 예제.swift */ = {isa = PBXFileReference; lastKnownFileType = sourcecode.swift; path = "Ch10.객체지향 예제.swift"; sourceTree = "<group>"; };
		5C7B60C32ADE17E600CAA5DF /* Ch11.서브클래싱과 익스텐션.swift */ = {isa = PBXFileReference; lastKnownFileType = sourcecode.swift; path = "Ch11.서브클래싱과 익스텐션.swift"; sourceTree = "<group>"; };
		5C7B60C52ADFB3BF00CAA5DF /* Ch15.에러 핸들링 이해하기.swift */ = {isa = PBXFileReference; lastKnownFileType = sourcecode.swift; path = "Ch15.에러 핸들링 이해하기.swift"; sourceTree = "<group>"; };
		5CCCF0A72AD919D10091D0F5 /* Ch12.스위프트 구조체와 열거형.swift */ = {isa = PBXFileReference; lastKnownFileType = sourcecode.swift; path = "Ch12.스위프트 구조체와 열거형.swift"; sourceTree = "<group>"; };
		5CCCF0A92AD919EB0091D0F5 /* ch13.프로퍼티 래퍼.swift */ = {isa = PBXFileReference; lastKnownFileType = sourcecode.swift; path = "ch13.프로퍼티 래퍼.swift"; sourceTree = "<group>"; };
		5CCCF0CA2AD9786A0091D0F5 /* Ch05.데이터 타입,상수,변수.swift */ = {isa = PBXFileReference; lastKnownFileType = sourcecode.swift; path = "Ch05.데이터 타입,상수,변수.swift"; sourceTree = "<group>"; };
		5CCCF0CC2AD9789A0091D0F5 /* Ch09.함수,메서드,클로저.swift */ = {isa = PBXFileReference; lastKnownFileType = sourcecode.swift; path = "Ch09.함수,메서드,클로저.swift"; sourceTree = "<group>"; };
		5CDB0BEC2AE11A60007B8FC2 /* Ch24구조화된 동시성 개요.swift */ = {isa = PBXFileReference; lastKnownFileType = sourcecode.swift; path = "Ch24구조화된 동시성 개요.swift"; sourceTree = "<group>"; };
		5CEFB9132ACD7A2200A7D930 /* SwiftTraning */ = {isa = PBXFileReference; explicitFileType = "compiled.mach-o.executable"; includeInIndex = 0; path = SwiftTraning; sourceTree = BUILT_PRODUCTS_DIR; };
		5CEFB91D2ACD7A4600A7D930 /* 반복문.swift */ = {isa = PBXFileReference; lastKnownFileType = sourcecode.swift; path = "반복문.swift"; sourceTree = "<group>"; };
		5CEFB91F2ACD7A5000A7D930 /* 배열.swift */ = {isa = PBXFileReference; lastKnownFileType = sourcecode.swift; path = "배열.swift"; sourceTree = "<group>"; };
		5CEFB9212ACD7A5B00A7D930 /* 스택.swift */ = {isa = PBXFileReference; lastKnownFileType = sourcecode.swift; path = "스택.swift"; sourceTree = "<group>"; };
		5CEFB9232ACD7A6600A7D930 /* 조건문과 반복문.swift */ = {isa = PBXFileReference; lastKnownFileType = sourcecode.swift; path = "조건문과 반복문.swift"; sourceTree = "<group>"; };
		5CEFB9252ACD7A7200A7D930 /* 조건문 실습.swift */ = {isa = PBXFileReference; lastKnownFileType = sourcecode.swift; path = "조건문 실습.swift"; sourceTree = "<group>"; };
		5CEFB9272ACD7A7D00A7D930 /* 함수와 클래스.swift */ = {isa = PBXFileReference; lastKnownFileType = sourcecode.swift; path = "함수와 클래스.swift"; sourceTree = "<group>"; };
		5CEFB9292ACE4D3400A7D930 /* main.swift */ = {isa = PBXFileReference; lastKnownFileType = sourcecode.swift; path = main.swift; sourceTree = "<group>"; };
		5CEFB92B2ACE728500A7D930 /* 정렬 알고리즘.swift */ = {isa = PBXFileReference; lastKnownFileType = sourcecode.swift; path = "정렬 알고리즘.swift"; sourceTree = "<group>"; };
		5CEFB92D2ACED94B00A7D930 /* 재귀.swift */ = {isa = PBXFileReference; lastKnownFileType = sourcecode.swift; path = "재귀.swift"; sourceTree = "<group>"; };
		5CEFB92F2ACFDC2E00A7D930 /* 큐.swift */ = {isa = PBXFileReference; lastKnownFileType = sourcecode.swift; path = "큐.swift"; sourceTree = "<group>"; };
/* End PBXFileReference section */

/* Begin PBXFrameworksBuildPhase section */
		5CEFB9102ACD7A2200A7D930 /* Frameworks */ = {
			isa = PBXFrameworksBuildPhase;
			buildActionMask = 2147483647;
			files = (
			);
			runOnlyForDeploymentPostprocessing = 0;
		};
/* End PBXFrameworksBuildPhase section */

/* Begin PBXGroup section */
		5CEFB90A2ACD7A2200A7D930 = {
			isa = PBXGroup;
			children = (
				5CEFB9152ACD7A2200A7D930 /* SwiftTraning */,
				5CEFB9142ACD7A2200A7D930 /* Products */,
			);
			sourceTree = "<group>";
		};
		5CEFB9142ACD7A2200A7D930 /* Products */ = {
			isa = PBXGroup;
			children = (
				5CEFB9132ACD7A2200A7D930 /* SwiftTraning */,
			);
			name = Products;
			sourceTree = "<group>";
		};
		5CEFB9152ACD7A2200A7D930 /* SwiftTraning */ = {
			isa = PBXGroup;
			children = (
				5CEFB9292ACE4D3400A7D930 /* main.swift */,
				5C7B60C52ADFB3BF00CAA5DF /* Ch15.에러 핸들링 이해하기.swift */,
				5CEFB91D2ACD7A4600A7D930 /* 반복문.swift */,
				5CCCF0A92AD919EB0091D0F5 /* ch13.프로퍼티 래퍼.swift */,
				5CEFB91F2ACD7A5000A7D930 /* 배열.swift */,
				5CEFB9212ACD7A5B00A7D930 /* 스택.swift */,
				5CEFB9232ACD7A6600A7D930 /* 조건문과 반복문.swift */,
				5CEFB9252ACD7A7200A7D930 /* 조건문 실습.swift */,
				5CEFB9272ACD7A7D00A7D930 /* 함수와 클래스.swift */,
				5CEFB92B2ACE728500A7D930 /* 정렬 알고리즘.swift */,
				5CEFB92D2ACED94B00A7D930 /* 재귀.swift */,
				5CEFB92F2ACFDC2E00A7D930 /* 큐.swift */,
				5C52B61D2AD5456100DB3DCA /* 튜플.swift */,
				5C7B60C32ADE17E600CAA5DF /* Ch11.서브클래싱과 익스텐션.swift */,
				5CCCF0A72AD919D10091D0F5 /* Ch12.스위프트 구조체와 열거형.swift */,
				5CCCF0CA2AD9786A0091D0F5 /* Ch05.데이터 타입,상수,변수.swift */,
				5CCCF0CC2AD9789A0091D0F5 /* Ch09.함수,메서드,클로저.swift */,
				5C7B60BF2ADD0F5300CAA5DF /* Ch10.스위프트의 객체지향 프로그래밍 기초.swift */,
				5C7B60C12ADD51BE00CAA5DF /* Ch10.객체지향 예제.swift */,
				5CDB0BEC2AE11A60007B8FC2 /* Ch24구조화된 동시성 개요.swift */,
			);
			path = SwiftTraning;
			sourceTree = "<group>";
		};
/* End PBXGroup section */

/* Begin PBXNativeTarget section */
		5CEFB9122ACD7A2200A7D930 /* SwiftTraning */ = {
			isa = PBXNativeTarget;
			buildConfigurationList = 5CEFB91A2ACD7A2200A7D930 /* Build configuration list for PBXNativeTarget "SwiftTraning" */;
			buildPhases = (
				5CEFB90F2ACD7A2200A7D930 /* Sources */,
				5CEFB9102ACD7A2200A7D930 /* Frameworks */,
				5CEFB9112ACD7A2200A7D930 /* CopyFiles */,
			);
			buildRules = (
			);
			dependencies = (
			);
			name = SwiftTraning;
			productName = SwiftTraning;
			productReference = 5CEFB9132ACD7A2200A7D930 /* SwiftTraning */;
			productType = "com.apple.product-type.tool";
		};
/* End PBXNativeTarget section */

/* Begin PBXProject section */
		5CEFB90B2ACD7A2200A7D930 /* Project object */ = {
			isa = PBXProject;
			attributes = {
				BuildIndependentTargetsInParallel = 1;
				LastSwiftUpdateCheck = 1500;
				LastUpgradeCheck = 1500;
				TargetAttributes = {
					5CEFB9122ACD7A2200A7D930 = {
						CreatedOnToolsVersion = 15.0;
					};
				};
			};
			buildConfigurationList = 5CEFB90E2ACD7A2200A7D930 /* Build configuration list for PBXProject "SwiftTraning" */;
			compatibilityVersion = "Xcode 14.0";
			developmentRegion = en;
			hasScannedForEncodings = 0;
			knownRegions = (
				en,
				Base,
			);
			mainGroup = 5CEFB90A2ACD7A2200A7D930;
			productRefGroup = 5CEFB9142ACD7A2200A7D930 /* Products */;
			projectDirPath = "";
			projectRoot = "";
			targets = (
				5CEFB9122ACD7A2200A7D930 /* SwiftTraning */,
			);
		};
/* End PBXProject section */

/* Begin PBXSourcesBuildPhase section */
		5CEFB90F2ACD7A2200A7D930 /* Sources */ = {
			isa = PBXSourcesBuildPhase;
			buildActionMask = 2147483647;
			files = (
				5CEFB9222ACD7A5B00A7D930 /* 스택.swift in Sources */,
				5CEFB92A2ACE4D3400A7D930 /* main.swift in Sources */,
				5CEFB91E2ACD7A4600A7D930 /* 반복문.swift in Sources */,
				5C7B60C62ADFB3BF00CAA5DF /* Ch15.에러 핸들링 이해하기.swift in Sources */,
				5C7B60C02ADD0F5300CAA5DF /* Ch10.스위프트의 객체지향 프로그래밍 기초.swift in Sources */,
				5C52B61E2AD5456100DB3DCA /* 튜플.swift in Sources */,
				5CEFB9242ACD7A6600A7D930 /* 조건문과 반복문.swift in Sources */,
				5CCCF0AA2AD919EB0091D0F5 /* ch13.프로퍼티 래퍼.swift in Sources */,
				5CCCF0CB2AD9786A0091D0F5 /* Ch05.데이터 타입,상수,변수.swift in Sources */,
				5CEFB9262ACD7A7200A7D930 /* 조건문 실습.swift in Sources */,
				5CEFB9282ACD7A7D00A7D930 /* 함수와 클래스.swift in Sources */,
				5CCCF0CD2AD9789A0091D0F5 /* Ch09.함수,메서드,클로저.swift in Sources */,
				5CDB0BED2AE11A60007B8FC2 /* Ch24구조화된 동시성 개요.swift in Sources */,
				5CEFB92C2ACE728500A7D930 /* 정렬 알고리즘.swift in Sources */,
				5C7B60C22ADD51BE00CAA5DF /* Ch10.객체지향 예제.swift in Sources */,
				5C7B60C42ADE17E600CAA5DF /* Ch11.서브클래싱과 익스텐션.swift in Sources */,
				5CEFB92E2ACED94B00A7D930 /* 재귀.swift in Sources */,
				5CEFB9302ACFDC2E00A7D930 /* 큐.swift in Sources */,
				5CCCF0A82AD919D10091D0F5 /* Ch12.스위프트 구조체와 열거형.swift in Sources */,
				5CEFB9202ACD7A5000A7D930 /* 배열.swift in Sources */,
			);
			runOnlyForDeploymentPostprocessing = 0;
		};
/* End PBXSourcesBuildPhase section */

/* Begin XCBuildConfiguration section */
		5CEFB9182ACD7A2200A7D930 /* Debug */ = {
			isa = XCBuildConfiguration;
			buildSettings = {
				ALWAYS_SEARCH_USER_PATHS = NO;
				ASSETCATALOG_COMPILER_GENERATE_SWIFT_ASSET_SYMBOL_EXTENSIONS = YES;
				CLANG_ANALYZER_NONNULL = YES;
				CLANG_ANALYZER_NUMBER_OBJECT_CONVERSION = YES_AGGRESSIVE;
				CLANG_CXX_LANGUAGE_STANDARD = "gnu++20";
				CLANG_ENABLE_MODULES = YES;
				CLANG_ENABLE_OBJC_ARC = YES;
				CLANG_ENABLE_OBJC_WEAK = YES;
				CLANG_WARN_BLOCK_CAPTURE_AUTORELEASING = YES;
				CLANG_WARN_BOOL_CONVERSION = YES;
				CLANG_WARN_COMMA = YES;
				CLANG_WARN_CONSTANT_CONVERSION = YES;
				CLANG_WARN_DEPRECATED_OBJC_IMPLEMENTATIONS = YES;
				CLANG_WARN_DIRECT_OBJC_ISA_USAGE = YES_ERROR;
				CLANG_WARN_DOCUMENTATION_COMMENTS = YES;
				CLANG_WARN_EMPTY_BODY = YES;
				CLANG_WARN_ENUM_CONVERSION = YES;
				CLANG_WARN_INFINITE_RECURSION = YES;
				CLANG_WARN_INT_CONVERSION = YES;
				CLANG_WARN_NON_LITERAL_NULL_CONVERSION = YES;
				CLANG_WARN_OBJC_IMPLICIT_RETAIN_SELF = YES;
				CLANG_WARN_OBJC_LITERAL_CONVERSION = YES;
				CLANG_WARN_OBJC_ROOT_CLASS = YES_ERROR;
				CLANG_WARN_QUOTED_INCLUDE_IN_FRAMEWORK_HEADER = YES;
				CLANG_WARN_RANGE_LOOP_ANALYSIS = YES;
				CLANG_WARN_STRICT_PROTOTYPES = YES;
				CLANG_WARN_SUSPICIOUS_MOVE = YES;
				CLANG_WARN_UNGUARDED_AVAILABILITY = YES_AGGRESSIVE;
				CLANG_WARN_UNREACHABLE_CODE = YES;
				CLANG_WARN__DUPLICATE_METHOD_MATCH = YES;
				COPY_PHASE_STRIP = NO;
				DEBUG_INFORMATION_FORMAT = dwarf;
				ENABLE_STRICT_OBJC_MSGSEND = YES;
				ENABLE_TESTABILITY = YES;
				ENABLE_USER_SCRIPT_SANDBOXING = YES;
				GCC_C_LANGUAGE_STANDARD = gnu17;
				GCC_DYNAMIC_NO_PIC = NO;
				GCC_NO_COMMON_BLOCKS = YES;
				GCC_OPTIMIZATION_LEVEL = 0;
				GCC_PREPROCESSOR_DEFINITIONS = (
					"DEBUG=1",
					"$(inherited)",
				);
				GCC_WARN_64_TO_32_BIT_CONVERSION = YES;
				GCC_WARN_ABOUT_RETURN_TYPE = YES_ERROR;
				GCC_WARN_UNDECLARED_SELECTOR = YES;
				GCC_WARN_UNINITIALIZED_AUTOS = YES_AGGRESSIVE;
				GCC_WARN_UNUSED_FUNCTION = YES;
				GCC_WARN_UNUSED_VARIABLE = YES;
				LOCALIZATION_PREFERS_STRING_CATALOGS = YES;
				MACOSX_DEPLOYMENT_TARGET = 13.5;
				MTL_ENABLE_DEBUG_INFO = INCLUDE_SOURCE;
				MTL_FAST_MATH = YES;
				ONLY_ACTIVE_ARCH = YES;
				SDKROOT = macosx;
				SWIFT_ACTIVE_COMPILATION_CONDITIONS = "DEBUG $(inherited)";
				SWIFT_OPTIMIZATION_LEVEL = "-Onone";
			};
			name = Debug;
		};
		5CEFB9192ACD7A2200A7D930 /* Release */ = {
			isa = XCBuildConfiguration;
			buildSettings = {
				ALWAYS_SEARCH_USER_PATHS = NO;
				ASSETCATALOG_COMPILER_GENERATE_SWIFT_ASSET_SYMBOL_EXTENSIONS = YES;
				CLANG_ANALYZER_NONNULL = YES;
				CLANG_ANALYZER_NUMBER_OBJECT_CONVERSION = YES_AGGRESSIVE;
				CLANG_CXX_LANGUAGE_STANDARD = "gnu++20";
				CLANG_ENABLE_MODULES = YES;
				CLANG_ENABLE_OBJC_ARC = YES;
				CLANG_ENABLE_OBJC_WEAK = YES;
				CLANG_WARN_BLOCK_CAPTURE_AUTORELEASING = YES;
				CLANG_WARN_BOOL_CONVERSION = YES;
				CLANG_WARN_COMMA = YES;
				CLANG_WARN_CONSTANT_CONVERSION = YES;
				CLANG_WARN_DEPRECATED_OBJC_IMPLEMENTATIONS = YES;
				CLANG_WARN_DIRECT_OBJC_ISA_USAGE = YES_ERROR;
				CLANG_WARN_DOCUMENTATION_COMMENTS = YES;
				CLANG_WARN_EMPTY_BODY = YES;
				CLANG_WARN_ENUM_CONVERSION = YES;
				CLANG_WARN_INFINITE_RECURSION = YES;
				CLANG_WARN_INT_CONVERSION = YES;
				CLANG_WARN_NON_LITERAL_NULL_CONVERSION = YES;
				CLANG_WARN_OBJC_IMPLICIT_RETAIN_SELF = YES;
				CLANG_WARN_OBJC_LITERAL_CONVERSION = YES;
				CLANG_WARN_OBJC_ROOT_CLASS = YES_ERROR;
				CLANG_WARN_QUOTED_INCLUDE_IN_FRAMEWORK_HEADER = YES;
				CLANG_WARN_RANGE_LOOP_ANALYSIS = YES;
				CLANG_WARN_STRICT_PROTOTYPES = YES;
				CLANG_WARN_SUSPICIOUS_MOVE = YES;
				CLANG_WARN_UNGUARDED_AVAILABILITY = YES_AGGRESSIVE;
				CLANG_WARN_UNREACHABLE_CODE = YES;
				CLANG_WARN__DUPLICATE_METHOD_MATCH = YES;
				COPY_PHASE_STRIP = NO;
				DEBUG_INFORMATION_FORMAT = "dwarf-with-dsym";
				ENABLE_NS_ASSERTIONS = NO;
				ENABLE_STRICT_OBJC_MSGSEND = YES;
				ENABLE_USER_SCRIPT_SANDBOXING = YES;
				GCC_C_LANGUAGE_STANDARD = gnu17;
				GCC_NO_COMMON_BLOCKS = YES;
				GCC_WARN_64_TO_32_BIT_CONVERSION = YES;
				GCC_WARN_ABOUT_RETURN_TYPE = YES_ERROR;
				GCC_WARN_UNDECLARED_SELECTOR = YES;
				GCC_WARN_UNINITIALIZED_AUTOS = YES_AGGRESSIVE;
				GCC_WARN_UNUSED_FUNCTION = YES;
				GCC_WARN_UNUSED_VARIABLE = YES;
				LOCALIZATION_PREFERS_STRING_CATALOGS = YES;
				MACOSX_DEPLOYMENT_TARGET = 13.5;
				MTL_ENABLE_DEBUG_INFO = NO;
				MTL_FAST_MATH = YES;
				SDKROOT = macosx;
				SWIFT_COMPILATION_MODE = wholemodule;
			};
			name = Release;
		};
		5CEFB91B2ACD7A2200A7D930 /* Debug */ = {
			isa = XCBuildConfiguration;
			buildSettings = {
				CODE_SIGN_STYLE = Automatic;
				PRODUCT_NAME = "$(TARGET_NAME)";
				SWIFT_VERSION = 5.0;
			};
			name = Debug;
		};
		5CEFB91C2ACD7A2200A7D930 /* Release */ = {
			isa = XCBuildConfiguration;
			buildSettings = {
				CODE_SIGN_STYLE = Automatic;
				PRODUCT_NAME = "$(TARGET_NAME)";
				SWIFT_VERSION = 5.0;
			};
			name = Release;
		};
/* End XCBuildConfiguration section */

/* Begin XCConfigurationList section */
		5CEFB90E2ACD7A2200A7D930 /* Build configuration list for PBXProject "SwiftTraning" */ = {
			isa = XCConfigurationList;
			buildConfigurations = (
				5CEFB9182ACD7A2200A7D930 /* Debug */,
				5CEFB9192ACD7A2200A7D930 /* Release */,
			);
			defaultConfigurationIsVisible = 0;
			defaultConfigurationName = Release;
		};
		5CEFB91A2ACD7A2200A7D930 /* Build configuration list for PBXNativeTarget "SwiftTraning" */ = {
			isa = XCConfigurationList;
			buildConfigurations = (
				5CEFB91B2ACD7A2200A7D930 /* Debug */,
				5CEFB91C2ACD7A2200A7D930 /* Release */,
			);
			defaultConfigurationIsVisible = 0;
			defaultConfigurationName = Release;
		};
/* End XCConfigurationList section */
	};
	rootObject = 5CEFB90B2ACD7A2200A7D930 /* Project object */;
}
